<?xml version="1.0" encoding="utf-8"?>
<Project ToolsVersion="4.0" xmlns="http://schemas.microsoft.com/developer/msbuild/2003">
  <ItemGroup>
    <Filter Include="Generated">
      <UniqueIdentifier>{af6842cb-e3bd-4c02-b3b2-3624069e10f1}</UniqueIdentifier>
    </Filter>
    <Filter Include="DataStructures">
      <UniqueIdentifier>{290aa4fa-2316-4e89-8a37-a8d8bf1d7ad8}</UniqueIdentifier>
    </Filter>
    <Filter Include="DataStructures\Context">
      <UniqueIdentifier>{44a78df9-527f-46f6-9167-419c1a024f3c}</UniqueIdentifier>
    </Filter>
    <Filter Include="DataStructures\Context\Headers">
      <UniqueIdentifier>{3c6b7111-43e6-47e2-a707-ea2f39feaa9d}</UniqueIdentifier>
    </Filter>
    <Filter Include="DataStructures\Context\Sources">
      <UniqueIdentifier>{26d88c26-7747-491c-8aae-c8053f834e0c}</UniqueIdentifier>
    </Filter>
    <Filter Include="DataStructures\Expressions">
      <UniqueIdentifier>{d9631a69-ff7e-4ff9-94ba-2192f41591d2}</UniqueIdentifier>
    </Filter>
    <Filter Include="DataStructures\Expressions\Headers">
      <UniqueIdentifier>{b881fdd9-1629-437b-8f70-9a3a8fa3dd61}</UniqueIdentifier>
    </Filter>
    <Filter Include="DataStructures\Expressions\Sources">
      <UniqueIdentifier>{4637c28a-a4ab-410d-857e-cfc51fcb7c10}</UniqueIdentifier>
    </Filter>
    <Filter Include="DataStructures\Exceptions">
      <UniqueIdentifier>{311c739c-1a0c-45fa-991c-cf796f66aa84}</UniqueIdentifier>
    </Filter>
    <Filter Include="DataStructures\Exceptions\Headers">
      <UniqueIdentifier>{de9cdb51-47c5-4a75-8188-93a6b1ea17d8}</UniqueIdentifier>
    </Filter>
    <Filter Include="DataStructures\Exceptions\Sources">
      <UniqueIdentifier>{17608f06-93a1-40c1-befb-2d1504149714}</UniqueIdentifier>
    </Filter>
    <Filter Include="Runner">
      <UniqueIdentifier>{a1260af9-bb26-4725-a207-e8b5bdc96136}</UniqueIdentifier>
    </Filter>
    <Filter Include="Runner\Headers">
      <UniqueIdentifier>{c9b6ab29-c0c0-43a8-b030-c083b16edff9}</UniqueIdentifier>
    </Filter>
    <Filter Include="Runner\Sources">
      <UniqueIdentifier>{810d3da8-5f19-46fb-8416-c5e033f840e0}</UniqueIdentifier>
    </Filter>
    <Filter Include="DataStructures\Program">
      <UniqueIdentifier>{ff5a9918-380a-4167-8fcc-ddf9e3572147}</UniqueIdentifier>
    </Filter>
    <Filter Include="DataStructures\Program\Headers">
      <UniqueIdentifier>{e88c0090-4c83-4d50-b1d6-e88d11c3ee6b}</UniqueIdentifier>
    </Filter>
    <Filter Include="DataStructures\Program\Sources">
      <UniqueIdentifier>{2583ef7a-7374-401d-815a-be01028ac7c5}</UniqueIdentifier>
    </Filter>
    <Filter Include="DataStructures\CompileContext">
      <UniqueIdentifier>{bf27c7e7-762b-4881-82a7-622ee416dd5a}</UniqueIdentifier>
    </Filter>
    <Filter Include="DataStructures\CompileContext\Headers">
      <UniqueIdentifier>{07d67727-777c-4dd0-a7bc-988cedf75583}</UniqueIdentifier>
    </Filter>
    <Filter Include="DataStructures\CompileContext\Sources">
      <UniqueIdentifier>{007bd1a2-ba57-4d00-96ac-bee77659d771}</UniqueIdentifier>
    </Filter>
  </ItemGroup>
  <ItemGroup>
    <ClInclude Include="Context.h">
      <Filter>DataStructures\Context\Headers</Filter>
    </ClInclude>
    <ClInclude Include="Expression.h">
      <Filter>DataStructures\Expressions\Headers</Filter>
    </ClInclude>
    <ClInclude Include="WorkScriptException.h">
      <Filter>DataStructures\Exceptions\Headers</Filter>
    </ClInclude>
    <ClInclude Include="UnimplementedException.h">
      <Filter>DataStructures\Exceptions\Headers</Filter>
    </ClInclude>
    <ClInclude Include="Generated\WorkScriptBaseVisitor.h">
      <Filter>Generated</Filter>
    </ClInclude>
    <ClInclude Include="Generated\WorkScriptLexer.h">
      <Filter>Generated</Filter>
    </ClInclude>
    <ClInclude Include="Generated\WorkScriptParser.h">
      <Filter>Generated</Filter>
    </ClInclude>
    <ClInclude Include="Generated\WorkScriptVisitor.h">
      <Filter>Generated</Filter>
    </ClInclude>
    <ClInclude Include="WorkScriptVisitorImpl.h">
      <Filter>Runner\Headers</Filter>
    </ClInclude>
    <ClInclude Include="ExpressionWrapper.h">
      <Filter>DataStructures\Expressions\Headers</Filter>
    </ClInclude>
    <ClInclude Include="VariableExpression.h">
      <Filter>DataStructures\Expressions\Headers</Filter>
    </ClInclude>
    <ClInclude Include="TypeExpression.h">
      <Filter>DataStructures\Expressions\Headers</Filter>
    </ClInclude>
    <ClInclude Include="TypeMemberExpression.h">
      <Filter>DataStructures\Expressions\Headers</Filter>
    </ClInclude>
    <ClInclude Include="MemberEvaluateExpression.h">
      <Filter>DataStructures\Expressions\Headers</Filter>
    </ClInclude>
    <ClInclude Include="AccessDeniedException.h">
      <Filter>DataStructures\Exceptions\Headers</Filter>
    </ClInclude>
    <ClInclude Include="ExecuteCppCodeExpression.h">
      <Filter>DataStructures\Expressions\Headers</Filter>
    </ClInclude>
    <ClInclude Include="StringExpression.h">
      <Filter>DataStructures\Expressions\Headers</Filter>
    </ClInclude>
    <ClInclude Include="NumberExpression.h">
      <Filter>DataStructures\Expressions\Headers</Filter>
    </ClInclude>
    <ClInclude Include="PlusExpression.h">
      <Filter>DataStructures\Expressions\Headers</Filter>
    </ClInclude>
    <ClInclude Include="MinusExpression.h">
      <Filter>DataStructures\Expressions\Headers</Filter>
    </ClInclude>
    <ClInclude Include="MultiplyExpression.h">
      <Filter>DataStructures\Expressions\Headers</Filter>
    </ClInclude>
    <ClInclude Include="DivideExpression.h">
      <Filter>DataStructures\Expressions\Headers</Filter>
    </ClInclude>
    <ClInclude Include="FunctionExpression.h">
      <Filter>DataStructures\Expressions\Headers</Filter>
    </ClInclude>
    <ClInclude Include="BooleanExpression.h">
      <Filter>DataStructures\Expressions\Headers</Filter>
    </ClInclude>
    <ClInclude Include="GreaterThanExpression.h">
      <Filter>DataStructures\Expressions\Headers</Filter>
    </ClInclude>
    <ClInclude Include="FunctionInvocationExpression.h">
      <Filter>DataStructures\Expressions\Headers</Filter>
    </ClInclude>
    <ClInclude Include="BinaryTermExpression.h">
      <Filter>DataStructures\Expressions\Headers</Filter>
    </ClInclude>
    <ClInclude Include="Program.h">
      <Filter>DataStructures\Program\Headers</Filter>
    </ClInclude>
    <ClInclude Include="EqualExpression.h">
      <Filter>DataStructures\Expressions\Headers</Filter>
    </ClInclude>
    <ClInclude Include="ListExpression.h">
      <Filter>DataStructures\Expressions\Headers</Filter>
    </ClInclude>
    <ClInclude Include="DuplicateDeclarationException.h">
      <Filter>DataStructures\Exceptions\Headers</Filter>
    </ClInclude>
    <ClInclude Include="UninvocableException.h">
      <Filter>DataStructures\Exceptions\Headers</Filter>
    </ClInclude>
    <ClInclude Include="CompileContext.h">
      <Filter>DataStructures\CompileContext\Headers</Filter>
    </ClInclude>
    <ClInclude Include="VariableInfo.h">
      <Filter>DataStructures\CompileContext\Headers</Filter>
    </ClInclude>
    <ClInclude Include="ObjectPool.h" />
  </ItemGroup>
  <ItemGroup>
    <ClCompile Include="Context.cpp">
      <Filter>DataStructures\Context\Sources</Filter>
    </ClCompile>
    <ClCompile Include="Expression.cpp">
      <Filter>DataStructures\Expressions\Sources</Filter>
    </ClCompile>
    <ClCompile Include="WorkScriptException.cpp">
      <Filter>DataStructures\Exceptions\Sources</Filter>
    </ClCompile>
    <ClCompile Include="WorkScript.cpp" />
    <ClCompile Include="UnimplementedException.cpp">
      <Filter>DataStructures\Exceptions\Sources</Filter>
    </ClCompile>
    <ClCompile Include="Generated\WorkScriptBaseVisitor.cpp">
      <Filter>Generated</Filter>
    </ClCompile>
    <ClCompile Include="Generated\WorkScriptLexer.cpp">
      <Filter>Generated</Filter>
    </ClCompile>
    <ClCompile Include="Generated\WorkScriptParser.cpp">
      <Filter>Generated</Filter>
    </ClCompile>
    <ClCompile Include="Generated\WorkScriptVisitor.cpp">
      <Filter>Generated</Filter>
    </ClCompile>
    <ClCompile Include="ExpressionWrapper.cpp">
      <Filter>DataStructures\Expressions\Sources</Filter>
    </ClCompile>
    <ClCompile Include="VariableExpression.cpp">
      <Filter>DataStructures\Expressions\Sources</Filter>
    </ClCompile>
    <ClCompile Include="TypeExpression.cpp">
      <Filter>DataStructures\Expressions\Sources</Filter>
    </ClCompile>
    <ClCompile Include="TypeMemberExpression.cpp">
      <Filter>DataStructures\Expressions\Sources</Filter>
    </ClCompile>
    <ClCompile Include="MemberEvaluateExpression.cpp">
      <Filter>DataStructures\Expressions\Sources</Filter>
    </ClCompile>
    <ClCompile Include="AccessDeniedException.cpp">
      <Filter>DataStructures\Exceptions\Sources</Filter>
    </ClCompile>
    <ClCompile Include="ExecuteCppCodeExpression.cpp">
      <Filter>DataStructures\Expressions\Sources</Filter>
    </ClCompile>
    <ClCompile Include="StringExpression.cpp">
      <Filter>DataStructures\Expressions\Sources</Filter>
    </ClCompile>
    <ClCompile Include="NumberExpression.cpp">
      <Filter>DataStructures\Expressions\Sources</Filter>
    </ClCompile>
    <ClCompile Include="PlusExpression.cpp">
      <Filter>DataStructures\Expressions\Sources</Filter>
    </ClCompile>
    <ClCompile Include="MinusExpression.cpp">
      <Filter>DataStructures\Expressions\Sources</Filter>
    </ClCompile>
    <ClCompile Include="MultiplyExpression.cpp">
      <Filter>DataStructures\Expressions\Sources</Filter>
    </ClCompile>
    <ClCompile Include="DivideExpression.cpp">
      <Filter>DataStructures\Expressions\Sources</Filter>
    </ClCompile>
    <ClCompile Include="FunctionExpression.cpp">
      <Filter>DataStructures\Expressions\Sources</Filter>
    </ClCompile>
    <ClCompile Include="BooleanExpression.cpp">
      <Filter>DataStructures\Expressions\Sources</Filter>
    </ClCompile>
    <ClCompile Include="GreaterThanExpression.cpp">
      <Filter>DataStructures\Expressions\Sources</Filter>
    </ClCompile>
    <ClCompile Include="BinaryTermExpression.cpp">
      <Filter>DataStructures\Expressions\Sources</Filter>
    </ClCompile>
    <ClCompile Include="FunctionInvocationExpression.cpp">
      <Filter>DataStructures\Expressions\Sources</Filter>
    </ClCompile>
    <ClCompile Include="Program.cpp">
      <Filter>DataStructures\Program\Sources</Filter>
    </ClCompile>
    <ClCompile Include="EqualExpression.cpp">
      <Filter>DataStructures\Expressions\Sources</Filter>
    </ClCompile>
    <ClCompile Include="ListExpression.cpp">
      <Filter>DataStructures\Expressions\Sources</Filter>
    </ClCompile>
    <ClCompile Include="DuplicateDeclarationException.cpp">
      <Filter>DataStructures\Exceptions\Sources</Filter>
    </ClCompile>
    <ClCompile Include="UninvocableException.cpp">
      <Filter>DataStructures\Exceptions\Sources</Filter>
    </ClCompile>
    <ClCompile Include="CompileContext.cpp">
      <Filter>DataStructures\CompileContext\Sources</Filter>
    </ClCompile>
    <ClCompile Include="WorkScriptVisitorImpl.cpp">
      <Filter>Runner\Sources</Filter>
    </ClCompile>
  </ItemGroup>
</Project>