<?xml version="1.0" encoding="utf-8"?>
<Project ToolsVersion="4.0" xmlns="http://schemas.microsoft.com/developer/msbuild/2003">
  <ItemGroup>
    <Filter Include="Util">
      <UniqueIdentifier>{52b1d27d-fff9-433f-a7fc-13bfbf92c4ae}</UniqueIdentifier>
    </Filter>
    <Filter Include="Program">
      <UniqueIdentifier>{ff5a9918-380a-4167-8fcc-ddf9e3572147}</UniqueIdentifier>
    </Filter>
    <Filter Include="Engine">
      <UniqueIdentifier>{f5e0a225-d77f-44ea-b8b9-3b6e6ed4e5d3}</UniqueIdentifier>
    </Filter>
    <Filter Include="Exceptions">
      <UniqueIdentifier>{311c739c-1a0c-45fa-991c-cf796f66aa84}</UniqueIdentifier>
    </Filter>
    <Filter Include="Util\Locale">
      <UniqueIdentifier>{bf9aead7-5115-4098-9075-b5de2940cf85}</UniqueIdentifier>
    </Filter>
    <Filter Include="Program\Function">
      <UniqueIdentifier>{fd9d7094-df3b-4761-9db4-7ef0002c8c7f}</UniqueIdentifier>
    </Filter>
    <Filter Include="Program\Function\Headers">
      <UniqueIdentifier>{065c0ce0-11b6-4379-a83e-6abb0d6b6df4}</UniqueIdentifier>
    </Filter>
    <Filter Include="Program\Function\Sources">
      <UniqueIdentifier>{2b5288e1-4b59-4351-aa17-593265049c24}</UniqueIdentifier>
    </Filter>
    <Filter Include="Program\FunctionTemplate">
      <UniqueIdentifier>{d64c00db-259b-46a9-956b-572ed55c03c8}</UniqueIdentifier>
    </Filter>
    <Filter Include="Program\FunctionTemplate\Sources">
      <UniqueIdentifier>{be329e95-8372-4d16-ade1-6e908c9964a4}</UniqueIdentifier>
    </Filter>
    <Filter Include="Program\FunctionTemplate\Headers">
      <UniqueIdentifier>{042e1a6f-4767-4383-87aa-1e7b01236639}</UniqueIdentifier>
    </Filter>
    <Filter Include="Program\Type">
      <UniqueIdentifier>{05d88c08-99e9-40b3-a81f-bad098c83120}</UniqueIdentifier>
    </Filter>
    <Filter Include="Program\Type\Headers">
      <UniqueIdentifier>{707c1c51-c2c5-4a20-8e8e-b2c0d7b2a419}</UniqueIdentifier>
    </Filter>
    <Filter Include="Program\Type\Sources">
      <UniqueIdentifier>{5ac13724-cc1b-4ad2-86e5-8e61caed908c}</UniqueIdentifier>
    </Filter>
    <Filter Include="Program\SymbolTable">
      <UniqueIdentifier>{5f18cf89-584a-4368-be74-37752c045696}</UniqueIdentifier>
    </Filter>
    <Filter Include="Program\Tree">
      <UniqueIdentifier>{d9631a69-ff7e-4ff9-94ba-2192f41591d2}</UniqueIdentifier>
    </Filter>
    <Filter Include="Program\Tree\ValueExpressions">
      <UniqueIdentifier>{202dd94e-7be2-45a3-a9c1-bb4452509db6}</UniqueIdentifier>
    </Filter>
    <Filter Include="Program\Tree\OperatorExpressions">
      <UniqueIdentifier>{43390ace-48d3-4ebe-a517-50c986a14e3a}</UniqueIdentifier>
    </Filter>
    <Filter Include="Program\Tree\OperatorExpressions\Headers">
      <UniqueIdentifier>{376e3673-d6aa-4eea-a3a9-ed3f8eeb87d0}</UniqueIdentifier>
    </Filter>
    <Filter Include="Program\Tree\OperatorExpressions\Sources">
      <UniqueIdentifier>{40527fb0-2f36-4626-b3ca-a48a02e47510}</UniqueIdentifier>
    </Filter>
    <Filter Include="Program\Tree\ExpressionBase">
      <UniqueIdentifier>{ba46e2aa-127e-4692-a97d-cdca5e3fad66}</UniqueIdentifier>
    </Filter>
    <Filter Include="ANTLR">
      <UniqueIdentifier>{a1260af9-bb26-4725-a207-e8b5bdc96136}</UniqueIdentifier>
    </Filter>
    <Filter Include="ANTLR\Headers">
      <UniqueIdentifier>{c9b6ab29-c0c0-43a8-b030-c083b16edff9}</UniqueIdentifier>
    </Filter>
    <Filter Include="ANTLR\Sources">
      <UniqueIdentifier>{810d3da8-5f19-46fb-8416-c5e033f840e0}</UniqueIdentifier>
    </Filter>
    <Filter Include="ANTLR\ANTLRGenerated">
      <UniqueIdentifier>{af6842cb-e3bd-4c02-b3b2-3624069e10f1}</UniqueIdentifier>
    </Filter>
    <Filter Include="Program\Tree\CallExpression">
      <UniqueIdentifier>{d8c29469-7ded-4337-afb9-5fb221d525ee}</UniqueIdentifier>
    </Filter>
    <Filter Include="Program\Tree\MultiValueExpression">
      <UniqueIdentifier>{b6dce1cf-9e90-4df8-96e8-f9d6391dc418}</UniqueIdentifier>
    </Filter>
    <Filter Include="Program\Tree\VariableExpression">
      <UniqueIdentifier>{2da0d308-5334-41f5-98fd-e5062b5f1e3f}</UniqueIdentifier>
    </Filter>
  </ItemGroup>
  <ItemGroup>
    <ClInclude Include="Generated\WorkScriptBaseVisitor.h">
      <Filter>ANTLR\ANTLRGenerated</Filter>
    </ClInclude>
    <ClInclude Include="Generated\WorkScriptLexer.h">
      <Filter>ANTLR\ANTLRGenerated</Filter>
    </ClInclude>
    <ClInclude Include="Generated\WorkScriptParser.h">
      <Filter>ANTLR\ANTLRGenerated</Filter>
    </ClInclude>
    <ClInclude Include="Generated\WorkScriptVisitor.h">
      <Filter>ANTLR\ANTLRGenerated</Filter>
    </ClInclude>
    <ClInclude Include="WorkScriptVisitorImpl.h">
      <Filter>ANTLR\Headers</Filter>
    </ClInclude>
    <ClInclude Include="AssignmentExpression.h">
      <Filter>Program\Tree\OperatorExpressions\Headers</Filter>
    </ClInclude>
    <ClInclude Include="BinaryOperatorExpression.h">
      <Filter>Program\Tree\OperatorExpressions\Headers</Filter>
    </ClInclude>
    <ClInclude Include="SyntaxErrorListener.h">
      <Filter>ANTLR\Headers</Filter>
    </ClInclude>
    <ClInclude Include="SyntaxErrorStrategy.h">
      <Filter>ANTLR\Headers</Filter>
    </ClInclude>
    <ClInclude Include="BinaryCompareExpression.h">
      <Filter>Program\Tree\OperatorExpressions\Headers</Filter>
    </ClInclude>
    <ClInclude Include="BinaryCalculateExpression.h">
      <Filter>Program\Tree\OperatorExpressions\Headers</Filter>
    </ClInclude>
    <ClInclude Include="Defines.h">
      <Filter>Util</Filter>
    </ClInclude>
    <ClInclude Include="stdafx.h">
      <Filter>Util</Filter>
    </ClInclude>
    <ClInclude Include="Generated\stdafx.h">
      <Filter>ANTLR\ANTLRGenerated</Filter>
    </ClInclude>
    <ClInclude Include="GenerateContext.h">
      <Filter>ANTLR\Headers</Filter>
    </ClInclude>
    <ClInclude Include="GenerateResult.h">
      <Filter>ANTLR\Headers</Filter>
    </ClInclude>
    <ClInclude Include="Type.h">
      <Filter>Program\Type\Headers</Filter>
    </ClInclude>
    <ClInclude Include="ExpressionType.h">
      <Filter>Program\Type\Headers</Filter>
    </ClInclude>
    <ClInclude Include="Function.h">
      <Filter>Program\Function\Headers</Filter>
    </ClInclude>
    <ClInclude Include="Overload.h">
      <Filter>Program\Function\Headers</Filter>
    </ClInclude>
    <ClInclude Include="OverloadBranch.h">
      <Filter>Program\Function\Headers</Filter>
    </ClInclude>
    <ClInclude Include="Parameter.h">
      <Filter>Program\Function\Headers</Filter>
    </ClInclude>
    <ClInclude Include="NativeOverload.h">
      <Filter>Program\Function\Headers</Filter>
    </ClInclude>
    <ClInclude Include="BranchOverload.h">
      <Filter>Program\Function\Headers</Filter>
    </ClInclude>
    <ClInclude Include="Utils.h">
      <Filter>Util</Filter>
    </ClInclude>
    <ClInclude Include="FunctionTemplate.h">
      <Filter>Program\FunctionTemplate\Headers</Filter>
    </ClInclude>
    <ClInclude Include="OverloadTemplate.h">
      <Filter>Program\FunctionTemplate\Headers</Filter>
    </ClInclude>
    <ClInclude Include="ParameterTemplate.h">
      <Filter>Program\FunctionTemplate\Headers</Filter>
    </ClInclude>
    <ClInclude Include="BranchOverloadTemplate.h">
      <Filter>Program\FunctionTemplate\Headers</Filter>
    </ClInclude>
    <ClInclude Include="OverloadBranchTemplate.h">
      <Filter>Program\FunctionTemplate\Headers</Filter>
    </ClInclude>
    <ClInclude Include="IntegerType.h">
      <Filter>Program\Type\Headers</Filter>
    </ClInclude>
    <ClInclude Include="FloatType.h">
      <Filter>Program\Type\Headers</Filter>
    </ClInclude>
    <ClInclude Include="UnaryOperatorExpression.h">
      <Filter>Program\Tree\OperatorExpressions\Headers</Filter>
    </ClInclude>
    <ClInclude Include="VoidType.h">
      <Filter>Program\Type\Headers</Filter>
    </ClInclude>
    <ClInclude Include="TypeClassification.h">
      <Filter>Program\Type\Headers</Filter>
    </ClInclude>
    <ClInclude Include="IntegerPointerType.h">
      <Filter>Program\Type\Headers</Filter>
    </ClInclude>
    <ClInclude Include="FloatPointerType.h">
      <Filter>Program\Type\Headers</Filter>
    </ClInclude>
    <ClInclude Include="Locale.h">
      <Filter>Util</Filter>
    </ClInclude>
    <ClInclude Include="Location.h" />
    <ClInclude Include="Program.h">
      <Filter>Program</Filter>
    </ClInclude>
    <ClInclude Include="SymbolTable.h">
      <Filter>Program\SymbolTable</Filter>
    </ClInclude>
    <ClInclude Include="SymbolInfo.h">
      <Filter>Program\SymbolTable</Filter>
    </ClInclude>
    <ClInclude Include="SyntaxErrorException.h">
      <Filter>Exceptions</Filter>
    </ClInclude>
    <ClInclude Include="WorkScriptException.h">
      <Filter>Exceptions</Filter>
    </ClInclude>
    <ClInclude Include="FormalParametersTemplate.h">
      <Filter>Program\FunctionTemplate\Headers</Filter>
    </ClInclude>
    <ClInclude Include="ExpressionWrapper.h">
      <Filter>ANTLR\Headers</Filter>
    </ClInclude>
    <ClInclude Include="WorkScriptEngine.h">
      <Filter>Engine</Filter>
    </ClInclude>
    <ClInclude Include="CallExpression.h">
      <Filter>Program\Tree\CallExpression</Filter>
    </ClInclude>
    <ClInclude Include="MultiValueExpression.h">
      <Filter>Program\Tree\MultiValueExpression</Filter>
    </ClInclude>
    <ClInclude Include="Expression.h">
      <Filter>Program\Tree\ExpressionBase</Filter>
    </ClInclude>
    <ClInclude Include="FloatExpression.h">
      <Filter>Program\Tree\ValueExpressions</Filter>
    </ClInclude>
    <ClInclude Include="IntegerExpression.h">
      <Filter>Program\Tree\ValueExpressions</Filter>
    </ClInclude>
    <ClInclude Include="StringExpression.h">
      <Filter>Program\Tree\ValueExpressions</Filter>
    </ClInclude>
    <ClInclude Include="VariableExpression.h">
      <Filter>Program\Tree\VariableExpression</Filter>
    </ClInclude>
  </ItemGroup>
  <ItemGroup>
    <ClCompile Include="WorkScript.cpp" />
    <ClCompile Include="Generated\WorkScriptBaseVisitor.cpp">
      <Filter>ANTLR\ANTLRGenerated</Filter>
    </ClCompile>
    <ClCompile Include="Generated\WorkScriptLexer.cpp">
      <Filter>ANTLR\ANTLRGenerated</Filter>
    </ClCompile>
    <ClCompile Include="Generated\WorkScriptParser.cpp">
      <Filter>ANTLR\ANTLRGenerated</Filter>
    </ClCompile>
    <ClCompile Include="Generated\WorkScriptVisitor.cpp">
      <Filter>ANTLR\ANTLRGenerated</Filter>
    </ClCompile>
    <ClCompile Include="WorkScriptVisitorImpl.cpp">
      <Filter>ANTLR\Sources</Filter>
    </ClCompile>
    <ClCompile Include="AssignmentExpression.cpp">
      <Filter>Program\Tree\OperatorExpressions\Sources</Filter>
    </ClCompile>
    <ClCompile Include="BinaryOperatorExpression.cpp">
      <Filter>Program\Tree\OperatorExpressions\Sources</Filter>
    </ClCompile>
    <ClCompile Include="SyntaxErrorListener.cpp">
      <Filter>ANTLR\Sources</Filter>
    </ClCompile>
    <ClCompile Include="SyntaxErrorStrategy.cpp">
      <Filter>ANTLR\Sources</Filter>
    </ClCompile>
    <ClCompile Include="BinaryCalculateExpression.cpp">
      <Filter>Program\Tree\OperatorExpressions\Sources</Filter>
    </ClCompile>
    <ClCompile Include="stdafx.cpp">
      <Filter>Util</Filter>
    </ClCompile>
    <ClCompile Include="Type.cpp">
      <Filter>Program\Type\Sources</Filter>
    </ClCompile>
    <ClCompile Include="Function.cpp">
      <Filter>Program\Function\Sources</Filter>
    </ClCompile>
    <ClCompile Include="IntegerType.cpp">
      <Filter>Program\Type\Sources</Filter>
    </ClCompile>
    <ClCompile Include="Overload.cpp">
      <Filter>Program\Function\Sources</Filter>
    </ClCompile>
    <ClCompile Include="BranchOverload.cpp">
      <Filter>Program\Function\Sources</Filter>
    </ClCompile>
    <ClCompile Include="NativeOverload.cpp">
      <Filter>Program\Function\Sources</Filter>
    </ClCompile>
    <ClCompile Include="OverloadBranch.cpp">
      <Filter>Program\Function\Sources</Filter>
    </ClCompile>
    <ClCompile Include="FunctionTemplate.cpp">
      <Filter>Program\FunctionTemplate\Sources</Filter>
    </ClCompile>
    <ClCompile Include="OverloadTemplate.cpp">
      <Filter>Program\FunctionTemplate\Sources</Filter>
    </ClCompile>
    <ClCompile Include="ParameterTemplate.cpp">
      <Filter>Program\FunctionTemplate\Sources</Filter>
    </ClCompile>
    <ClCompile Include="BranchOverloadTemplate.cpp">
      <Filter>Program\FunctionTemplate\Sources</Filter>
    </ClCompile>
    <ClCompile Include="OverloadBranchTemplate.cpp">
      <Filter>Program\FunctionTemplate\Sources</Filter>
    </ClCompile>
    <ClCompile Include="FloatType.cpp">
      <Filter>Program\Type\Sources</Filter>
    </ClCompile>
    <ClCompile Include="BinaryCompareExpression.cpp">
      <Filter>Program\Tree\OperatorExpressions\Sources</Filter>
    </ClCompile>
    <ClCompile Include="UnaryOperatorExpression.cpp">
      <Filter>Program\Tree\OperatorExpressions\Sources</Filter>
    </ClCompile>
    <ClCompile Include="VoidType.cpp">
      <Filter>Program\Type\Sources</Filter>
    </ClCompile>
    <ClCompile Include="IntegerPointerType.cpp">
      <Filter>Program\Type\Sources</Filter>
    </ClCompile>
    <ClCompile Include="FloatPointerType.cpp">
      <Filter>Program\Type\Sources</Filter>
    </ClCompile>
    <ClCompile Include="Program.cpp">
      <Filter>Program</Filter>
    </ClCompile>
    <ClCompile Include="SymbolInfo.cpp">
      <Filter>Program\SymbolTable</Filter>
    </ClCompile>
    <ClCompile Include="SymbolTable.cpp">
      <Filter>Program\SymbolTable</Filter>
    </ClCompile>
    <ClCompile Include="WorkScriptException.cpp">
      <Filter>Exceptions</Filter>
    </ClCompile>
    <ClCompile Include="FormalParametersTemplate.cpp">
      <Filter>Program\FunctionTemplate\Sources</Filter>
    </ClCompile>
    <ClCompile Include="WorkScriptEngine.cpp">
      <Filter>Engine</Filter>
    </ClCompile>
    <ClCompile Include="CallExpression.cpp">
      <Filter>Program\Tree\CallExpression</Filter>
    </ClCompile>
    <ClCompile Include="MultiValueExpression.cpp">
      <Filter>Program\Tree\MultiValueExpression</Filter>
    </ClCompile>
    <ClCompile Include="Expression.cpp">
      <Filter>Program\Tree\ExpressionBase</Filter>
    </ClCompile>
    <ClCompile Include="FloatExpression.cpp">
      <Filter>Program\Tree\ValueExpressions</Filter>
    </ClCompile>
    <ClCompile Include="IntegerExpression.cpp">
      <Filter>Program\Tree\ValueExpressions</Filter>
    </ClCompile>
    <ClCompile Include="StringExpression.cpp">
      <Filter>Program\Tree\ValueExpressions</Filter>
    </ClCompile>
    <ClCompile Include="VariableExpression.cpp">
      <Filter>Program\Tree\VariableExpression</Filter>
    </ClCompile>
  </ItemGroup>
  <ItemGroup>
    <None Include="packages.config" />
  </ItemGroup>
</Project>